
Microsoft Visual Studio Solution File, Format Version 12.00
# Visual Studio 15
VisualStudioVersion = 15.0.27703.2026
MinimumVisualStudioVersion = 10.0.40219.1
Project("{FAE04EC0-301F-11D3-BF4B-00C04F79EFBC}") = "ScrambledWord", "ScrambledWord\ScrambledWord.csproj", "{AC72C209-3048-4B5E-94F1-5D6126CA4E97}"
EndProject
Global
	GlobalSection(SolutionConfigurationPlatforms) = preSolution
		Debug|Any CPU = Debug|Any CPU
		Release|Any CPU = Release|Any CPU
	EndGlobalSection
	GlobalSection(ProjectConfigurationPlatforms) = postSolution
		{AC72C209-3048-4B5E-94F1-5D6126CA4E97}.Debug|Any CPU.ActiveCfg = Debug|Any CPU
		{AC72C209-3048-4B5E-94F1-5D6126CA4E97}.Debug|Any CPU.Build.0 = Debug|Any CPU
		{AC72C209-3048-4B5E-94F1-5D6126CA4E97}.Release|Any CPU.ActiveCfg = Release|Any CPU
		{AC72C209-3048-4B5E-94F1-5D6126CA4E97}.Release|Any CPU.Build.0 = Release|Any CPU
	EndGlobalSection
	GlobalSection(SolutionProperties) = preSolution
		HideSolutionNode = FALSE
	EndGlobalSection
	GlobalSection(ExtensibilityGlobals) = postSolution
		SolutionGuid = {4133EFC8-E16E-48E9-846A-DE4942256D47}
	EndGlobalSection
EndGlobal
